
Microsoft Visual Studio Solution File, Format Version 12.00
# Visual Studio Version 16
VisualStudioVersion = 16.0.30503.244
MinimumVisualStudioVersion = 10.0.40219.1
Project("{FAE04EC0-301F-11D3-BF4B-00C04F79EFBC}") = "WebAppGitDemo", "WebAppGitDemo\WebAppGitDemo.csproj", "{D496CC0D-F24C-4B2B-82BF-6CB89BC22B5C}"
EndProject
Global
	GlobalSection(SolutionConfigurationPlatforms) = preSolution
		Debug|Any CPU = Debug|Any CPU
		Release|Any CPU = Release|Any CPU
	EndGlobalSection
	GlobalSection(ProjectConfigurationPlatforms) = postSolution
		{D496CC0D-F24C-4B2B-82BF-6CB89BC22B5C}.Debug|Any CPU.ActiveCfg = Debug|Any CPU
		{D496CC0D-F24C-4B2B-82BF-6CB89BC22B5C}.Debug|Any CPU.Build.0 = Debug|Any CPU
		{D496CC0D-F24C-4B2B-82BF-6CB89BC22B5C}.Release|Any CPU.ActiveCfg = Release|Any CPU
		{D496CC0D-F24C-4B2B-82BF-6CB89BC22B5C}.Release|Any CPU.Build.0 = Release|Any CPU
	EndGlobalSection
	GlobalSection(SolutionProperties) = preSolution
		HideSolutionNode = FALSE
	EndGlobalSection
	GlobalSection(ExtensibilityGlobals) = postSolution
		SolutionGuid = {0BDA98E1-4BC0-42C6-9D77-75BF4E41A62B}
	EndGlobalSection
EndGlobal
